
Microsoft Visual Studio Solution File, Format Version 12.00
Project("{FAE04EC0-301F-11D3-BF4B-00C04F79EFBC}") = "SGFDevs", "SGFDevs\SGFDevs.csproj", "{D6F118F7-657E-4262-8D78-F2329883480B}"
EndProject
Global
	GlobalSection(SolutionConfigurationPlatforms) = preSolution
		Debug|Any CPU = Debug|Any CPU
		Release|Any CPU = Release|Any CPU
	EndGlobalSection
	GlobalSection(ProjectConfigurationPlatforms) = postSolution
		{D6F118F7-657E-4262-8D78-F2329883480B}.Debug|Any CPU.ActiveCfg = Debug|Any CPU
		{D6F118F7-657E-4262-8D78-F2329883480B}.Debug|Any CPU.Build.0 = Debug|Any CPU
		{D6F118F7-657E-4262-8D78-F2329883480B}.Release|Any CPU.ActiveCfg = Release|Any CPU
		{D6F118F7-657E-4262-8D78-F2329883480B}.Release|Any CPU.Build.0 = Release|Any CPU
	EndGlobalSection
EndGlobal
