<Solution>
  <Folder Name="/Solution Items/">
    <File Path=".editorconfig" />
    <File Path=".env" />
    <File Path=".env.example" />
    <File Path=".gitignore" />
    <File Path="docker-compose.yml" />
    <File Path="Dockerfile" />
    <File Path="README.md" />
  </Folder>
  <Project Path="SgfDevs.Tests/SgfDevs.Tests.csproj" />
  <Project Path="SgfDevs/SgfDevs.csproj" />
</Solution>
